# This file was autogenerated by Stack.
# You should not edit this file by hand.
# For more information, please see the documentation at:
#   https://docs.haskellstack.org/en/stable/lock_files

packages:
- completed:
    hackage: protolude-0.3.3@sha256:20655b56593a78eb0599e0c6108e590e7fbf8f890c0da7d40fb3411a941e7d49,2239
    pantry-tree:
      sha256: 9f5de34c74c630abf7a5c31d1b8b56f4c032ac90b3b2033cbb8cfa778bf7e0ec
      size: 1594
  original:
    hackage: protolude-0.3.3
snapshots:
- completed:
    sha256: 8bcce0b4f5671ea04691477f5af759b497b8892f998768d6eb01c64c58d41d7c
    size: 649329
    url: https://raw.githubusercontent.com/commercialhaskell/stackage-snapshots/master/lts/20/7.yaml
  original: lts-20.7
