# This file was autogenerated by Stack.
# You should not edit this file by hand.
# For more information, please see the documentation at:
#   https://docs.haskellstack.org/en/stable/lock_files

packages:
- completed:
    hackage: protolude-0.3.2@sha256:2a38b3dad40d238ab644e234b692c8911423f9d3ed0e36b62287c4a698d92cd1,2240
    pantry-tree:
      sha256: a36d2912ac552d950ba4476de7d950b56b82dd28e48b9f4d0efee938f10bc525
      size: 1594
  original:
    hackage: protolude-0.3.2
snapshots:
- completed:
    sha256: 8bcce0b4f5671ea04691477f5af759b497b8892f998768d6eb01c64c58d41d7c
    size: 649329
    url: https://raw.githubusercontent.com/commercialhaskell/stackage-snapshots/master/lts/20/7.yaml
  original: lts-20.7
